// !$*UTF8*$!
{
    archiveVersion = 1;
    classes = { };
    objectVersion = 56;
    objects = {
/* Begin PBXBuildFile section */
        A1 /* AppDelegate.swift in Sources */ = {isa = PBXBuildFile; fileRef = A2 /* AppDelegate.swift */; };
        B1 /* SceneDelegate.swift in Sources */ = {isa = PBXBuildFile; fileRef = B2 /* SceneDelegate.swift */; };
        C1 /* ViewController.swift in Sources */ = {isa = PBXBuildFile; fileRef = C2 /* ViewController.swift */; };
        D1 /* TTSManager.swift in Sources */ = {isa = PBXBuildFile; fileRef = D2 /* TTSManager.swift */; };
        E1 /* main.swift in Sources */ = {isa = PBXBuildFile; fileRef = E2 /* main.swift */; };
        F1 /* LaunchScreen.storyboard in Resources */ = {isa = PBXBuildFile; fileRef = F2 /* LaunchScreen.storyboard */; };
        G1 /* www in Resources */ = {isa = PBXBuildFile; fileRef = G2 /* www */; };
        H1 /* Assets.xcassets in Resources */ = {isa = PBXBuildFile; fileRef = H2 /* Assets.xcassets */; };
/* End PBXBuildFile section */
/* Begin PBXFileReference section */
        A2 /* AppDelegate.swift */ = {isa = PBXFileReference; lastKnownFileType = sourcecode.swift; path = AppDelegate.swift; sourceTree = "<group>"; };
        B2 /* SceneDelegate.swift */ = {isa = PBXFileReference; lastKnownFileType = sourcecode.swift; path = SceneDelegate.swift; sourceTree = "<group>"; };
        C2 /* ViewController.swift */ = {isa = PBXFileReference; lastKnownFileType = sourcecode.swift; path = ViewController.swift; sourceTree = "<group>"; };
        D2 /* TTSManager.swift */ = {isa = PBXFileReference; lastKnownFileType = sourcecode.swift; path = TTSManager.swift; sourceTree = "<group>"; };
        E2 /* main.swift */ = {isa = PBXFileReference; lastKnownFileType = sourcecode.swift; path = main.swift; sourceTree = "<group>"; };
        F2 /* LaunchScreen.storyboard */ = {isa = PBXFileReference; lastKnownFileType = file.storyboard; path = LaunchScreen.storyboard; sourceTree = "<group>"; };
        G2 /* www */ = {isa = PBXFileReference; lastKnownFileType = folder; path = www; sourceTree = "<group>"; };
        H2 /* Assets.xcassets */ = {isa = PBXFileReference; lastKnownFileType = folder.assetcatalog; path = Assets.xcassets; sourceTree = "<group>"; };
        I2 /* ReaderTTS.app */ = {isa = PBXFileReference; explicitFileType = wrapper.application; includeInIndex = 0; path = ReaderTTS.app; sourceTree = BUILT_PRODUCTS_DIR; };
/* End PBXFileReference section */
/* Begin PBXFrameworksBuildPhase section */
        J1 /* Frameworks */ = {isa = PBXFrameworksBuildPhase; buildActionMask = 2147483647; files = (); runOnlyForDeploymentPostprocessing = 0;};
/* End PBXFrameworksBuildPhase section */
/* Begin PBXGroup section */
        K1 = {isa = PBXGroup; children = (K2 /* ReaderTTS */, K3 /* Products */,); sourceTree = "<group>";};
        K2 /* ReaderTTS */ = {isa = PBXGroup; children = (A2, E2, B2, C2, D2, F2, H2, G2,); path = ReaderTTS; sourceTree = "<group>";};
        K3 /* Products */ = {isa = PBXGroup; children = (I2,); name = Products; sourceTree = "<group>";};
/* End PBXGroup section */
/* Begin PBXNativeTarget section */
        L1 /* ReaderTTS */ = {isa = PBXNativeTarget; buildConfigurationList = L2; buildPhases = (L3 /* Sources */, J1 /* Frameworks */, L4 /* Resources */,); buildRules = (); dependencies = (); name = ReaderTTS; productName = ReaderTTS; productReference = I2; productType = "com.apple.product-type.application";};
/* End PBXNativeTarget section */
/* Begin PBXProject section */
        M1 /* Project object */ = {isa = PBXProject; attributes = {LastSwiftUpdateCheck = 1420; LastUpgradeCheck = 1420; TargetAttributes = {L1 = {CreatedOnToolsVersion = 14.2;};};}; buildConfigurationList = M2; compatibilityVersion = "Xcode 14.0"; developmentRegion = en; hasScannedForEncodings = 0; knownRegions = (en, Base,); mainGroup = K1; productRefGroup = K3; projectDirPath = ""; projectRoot = ""; targets = (L1,);};
/* End PBXProject section */
/* Begin PBXResourcesBuildPhase section */
        L4 /* Resources */ = {isa = PBXResourcesBuildPhase; buildActionMask = 2147483647; files = (F1, H1, G1,); runOnlyForDeploymentPostprocessing = 0;};
/* End PBXResourcesBuildPhase section */
/* Begin PBXSourcesBuildPhase section */
        L3 /* Sources */ = {isa = PBXSourcesBuildPhase; buildActionMask = 2147483647; files = (A1, E1, B1, C1, D1,); runOnlyForDeploymentPostprocessing = 0;};
/* End PBXSourcesBuildPhase section */
/* Begin XCBuildConfiguration section */
        N1 /* Debug */ = {isa = XCBuildConfiguration; buildSettings = {ALWAYS_SEARCH_USER_PATHS = NO; ASSETCATALOG_COMPILER_APPICON_NAME = AppIcon; CLANG_ENABLE_MODULES = YES; CODE_SIGNING_ALLOWED = NO; CODE_SIGNING_REQUIRED = NO; CODE_SIGNING_IDENTITY = ""; INFOPLIST_FILE = ReaderTTS/Info.plist; IPHONEOS_DEPLOYMENT_TARGET = 15.0; LD_RUNPATH_SEARCH_PATHS = ("$(inherited)", "@executable_path/Frameworks",); PRODUCT_BUNDLE_IDENTIFIER = com.sidestore.readertts; PRODUCT_NAME = "$(TARGET_NAME)"; SWIFT_VERSION = 5.0; TARGETED_DEVICE_FAMILY = "1,2";}; name = Debug;};
        N2 /* Release */ = {isa = XCBuildConfiguration; buildSettings = {ALWAYS_SEARCH_USER_PATHS = NO; ASSETCATALOG_COMPILER_APPICON_NAME = AppIcon; CLANG_ENABLE_MODULES = YES; CODE_SIGNING_ALLOWED = NO; CODE_SIGNING_REQUIRED = NO; CODE_SIGNING_IDENTITY = ""; INFOPLIST_FILE = ReaderTTS/Info.plist; IPHONEOS_DEPLOYMENT_TARGET = 15.0; LD_RUNPATH_SEARCH_PATHS = ("$(inherited)", "@executable_path/Frameworks",); PRODUCT_BUNDLE_IDENTIFIER = com.sidestore.readertts; PRODUCT_NAME = "$(TARGET_NAME)"; SWIFT_VERSION = 5.0; TARGETED_DEVICE_FAMILY = "1,2";}; name = Release;};
        N3 /* Debug */ = {isa = XCBuildConfiguration; buildSettings = {ASSETCATALOG_COMPILER_APPICON_NAME = AppIcon; CODE_SIGNING_ALLOWED = NO; INFOPLIST_FILE = ReaderTTS/Info.plist; IPHONEOS_DEPLOYMENT_TARGET = 15.0; PRODUCT_BUNDLE_IDENTIFIER = com.sidestore.readertts; PRODUCT_NAME = "$(TARGET_NAME)"; SWIFT_VERSION = 5.0; TARGETED_DEVICE_FAMILY = "1,2";}; name = Debug;};
        N4 /* Release */ = {isa = XCBuildConfiguration; buildSettings = {ASSETCATALOG_COMPILER_APPICON_NAME = AppIcon; CODE_SIGNING_ALLOWED = NO; INFOPLIST_FILE = ReaderTTS/Info.plist; IPHONEOS_DEPLOYMENT_TARGET = 15.0; PRODUCT_BUNDLE_IDENTIFIER = com.sidestore.readertts; PRODUCT_NAME = "$(TARGET_NAME)"; SWIFT_VERSION = 5.0; TARGETED_DEVICE_FAMILY = "1,2";}; name = Release;};
/* End XCBuildConfiguration section */
/* Begin XCConfigurationList section */
        L2 /* Build configuration list for PBXNativeTarget "ReaderTTS" */ = {isa = XCConfigurationList; buildConfigurations = (N1, N2,); defaultConfigurationIsVisible = 0; defaultConfigurationName = Release;};
        M2 /* Build configuration list for PBXProject "ReaderApp" */ = {isa = XCConfigurationList; buildConfigurations = (N3, N4,); defaultConfigurationIsVisible = 0; defaultConfigurationName = Release;};
/* End XCConfigurationList section */
    };
    rootObject = M1;
}
