// !$*UTF8*$!
{
    archiveVersion = 1;
    classes = { };
    objectVersion = 56;
    objects = {
        A1 = {isa = PBXBuildFile; fileRef = A2; };
        B1 = {isa = PBXBuildFile; fileRef = B2; };
        C1 = {isa = PBXBuildFile; fileRef = C2; };
        D1 = {isa = PBXBuildFile; fileRef = D2; };
        E1 = {isa = PBXBuildFile; fileRef = E2; };
        F1 = {isa = PBXBuildFile; fileRef = F2; };
        G1 = {isa = PBXBuildFile; fileRef = G2; };
        H1 = {isa = PBXBuildFile; fileRef = H2; };
        A2 = {isa = PBXFileReference; lastKnownFileType = sourcecode.swift; path = AppDelegate.swift; sourceTree = "<group>"; };
        B2 = {isa = PBXFileReference; lastKnownFileType = sourcecode.swift; path = SceneDelegate.swift; sourceTree = "<group>"; };
        C2 = {isa = PBXFileReference; lastKnownFileType = sourcecode.swift; path = ViewController.swift; sourceTree = "<group>"; };
        D2 = {isa = PBXFileReference; lastKnownFileType = sourcecode.swift; path = TTSManager.swift; sourceTree = "<group>"; };
        E2 = {isa = PBXFileReference; lastKnownFileType = sourcecode.swift; path = main.swift; sourceTree = "<group>"; };
        F2 = {isa = PBXFileReference; lastKnownFileType = file.storyboard; path = LaunchScreen.storyboard; sourceTree = "<group>"; };
        G2 = {isa = PBXFileReference; lastKnownFileType = folder; path = www; sourceTree = "<group>"; };
        H2 = {isa = PBXFileReference; lastKnownFileType = folder.assetcatalog; path = Assets.xcassets; sourceTree = "<group>"; };
        I2 = {isa = PBXFileReference; explicitFileType = wrapper.application; includeInIndex = 0; path = ReaderTTS.app; sourceTree = BUILT_PRODUCTS_DIR; };
        J1 = {isa = PBXFrameworksBuildPhase; buildActionMask = 2147483647; files = (); };
        K1 = {isa = PBXGroup; children = (K2, K3,); sourceTree = "<group>";};
        K2 = {isa = PBXGroup; children = (A2, E2, B2, C2, D2, F2, H2, G2,); path = ReaderTTS; sourceTree = "<group>";};
        K3 = {isa = PBXGroup; children = (I2,); name = Products; sourceTree = "<group>";};
        L1 = {isa = PBXNativeTarget; buildConfigurationList = L2; buildPhases = (L3, J1, L4,); buildRules = (); dependencies = (); name = ReaderTTS; productName = ReaderTTS; productReference = I2; productType = "com.apple.product-type.application";};
        M1 = {isa = PBXProject; attributes = {LastSwiftUpdateCheck = 1420;}; buildConfigurationList = M2; compatibilityVersion = "Xcode 14.0"; developmentRegion = en; hasScannedForEncodings = 0; knownRegions = (en, Base,); mainGroup = K1; productRefGroup = K3; projectDirPath = ""; projectRoot = ""; targets = (L1,);};
        L4 = {isa = PBXResourcesBuildPhase; buildActionMask = 2147483647; files = (F1, H1, G1,); };
        L3 = {isa = PBXSourcesBuildPhase; buildActionMask = 2147483647; files = (A1, E1, B1, C1, D1,); };
        N1 = {isa = XCBuildConfiguration; buildSettings = {ASSETCATALOG_COMPILER_APPICON_NAME = AppIcon; CLANG_ENABLE_MODULES = YES; CODE_SIGNING_ALLOWED = NO; CODE_SIGNING_REQUIRED = NO; CODE_SIGNING_IDENTITY = ""; INFOPLIST_FILE = ReaderTTS/Info.plist; IPHONEOS_DEPLOYMENT_TARGET = 15.0; PRODUCT_BUNDLE_IDENTIFIER = com.sidestore.readertts; PRODUCT_NAME = "$(TARGET_NAME)"; SWIFT_VERSION = 5.0; TARGETED_DEVICE_FAMILY = "1,2";}; name = Debug;};
        N2 = {isa = XCBuildConfiguration; buildSettings = {ASSETCATALOG_COMPILER_APPICON_NAME = AppIcon; CLANG_ENABLE_MODULES = YES; CODE_SIGNING_ALLOWED = NO; CODE_SIGNING_REQUIRED = NO; CODE_SIGNING_IDENTITY = ""; INFOPLIST_FILE = ReaderTTS/Info.plist; IPHONEOS_DEPLOYMENT_TARGET = 15.0; PRODUCT_BUNDLE_IDENTIFIER = com.sidestore.readertts; PRODUCT_NAME = "$(TARGET_NAME)"; SWIFT_VERSION = 5.0; TARGETED_DEVICE_FAMILY = "1,2";}; name = Release;};
        N3 = {isa = XCBuildConfiguration; buildSettings = {ASSETCATALOG_COMPILER_APPICON_NAME = AppIcon; CODE_SIGNING_ALLOWED = NO; INFOPLIST_FILE = ReaderTTS/Info.plist; IPHONEOS_DEPLOYMENT_TARGET = 15.0; PRODUCT_BUNDLE_IDENTIFIER = com.sidestore.readertts; PRODUCT_NAME = "$(TARGET_NAME)"; SWIFT_VERSION = 5.0; TARGETED_DEVICE_FAMILY = "1,2";}; name = Debug;};
        N4 = {isa = XCBuildConfiguration; buildSettings = {ASSETCATALOG_COMPILER_APPICON_NAME = AppIcon; CODE_SIGNING_ALLOWED = NO; INFOPLIST_FILE = ReaderTTS/Info.plist; IPHONEOS_DEPLOYMENT_TARGET = 15.0; PRODUCT_BUNDLE_IDENTIFIER = com.sidestore.readertts; PRODUCT_NAME = "$(TARGET_NAME)"; SWIFT_VERSION = 5.0; TARGETED_DEVICE_FAMILY = "1,2";}; name = Release;};
        L2 = {isa = XCConfigurationList; buildConfigurations = (N1, N2,); defaultConfigurationIsVisible = 0; defaultConfigurationName = Release;};
        M2 = {isa = XCConfigurationList; buildConfigurations = (N3, N4,); defaultConfigurationIsVisible = 0; defaultConfigurationName = Release;};
    };
    rootObject = M1;
}
